// !$*UTF8*$!
{
	archiveVersion = 1;
	classes = {
	};
	objectVersion = 56;
	objects = {

/* Begin PBXBuildFile section */
		9159BECB29AE7DE400E75FF0 /* RecipeTableViewCell.swift in Sources */ = {isa = PBXBuildFile; fileRef = 9159BEC929AE7DE400E75FF0 /* RecipeTableViewCell.swift */; };
		9159BECC29AE7DE400E75FF0 /* RecipeTableViewCell.xib in Resources */ = {isa = PBXBuildFile; fileRef = 9159BECA29AE7DE400E75FF0 /* RecipeTableViewCell.xib */; };
		AC4EF426297073DB0010E8A5 /* AppDelegate.swift in Sources */ = {isa = PBXBuildFile; fileRef = AC4EF425297073DB0010E8A5 /* AppDelegate.swift */; };
		AC4EF428297073DB0010E8A5 /* SceneDelegate.swift in Sources */ = {isa = PBXBuildFile; fileRef = AC4EF427297073DB0010E8A5 /* SceneDelegate.swift */; };
		AC4EF42A297073DB0010E8A5 /* ViewController.swift in Sources */ = {isa = PBXBuildFile; fileRef = AC4EF429297073DB0010E8A5 /* ViewController.swift */; };
		AC4EF42F297073DC0010E8A5 /* Assets.xcassets in Resources */ = {isa = PBXBuildFile; fileRef = AC4EF42E297073DC0010E8A5 /* Assets.xcassets */; };
		AC4EF43A2970758B0010E8A5 /* PLAYSIR Regular.otf in Resources */ = {isa = PBXBuildFile; fileRef = AC4EF4392970758B0010E8A5 /* PLAYSIR Regular.otf */; };
		AC5F7FC62979A05300D63D8B /* RecipeData.swift in Sources */ = {isa = PBXBuildFile; fileRef = AC5F7FC52979A05300D63D8B /* RecipeData.swift */; };
		AC674F9529745EC7003C0A4B /* LaunchScreenViewController.swift in Sources */ = {isa = PBXBuildFile; fileRef = AC674F9429745EC7003C0A4B /* LaunchScreenViewController.swift */; };
		AC674F9829746288003C0A4B /* Main.storyboard in Resources */ = {isa = PBXBuildFile; fileRef = AC4EF42B297073DB0010E8A5 /* Main.storyboard */; };
		AC674F9A29746812003C0A4B /* citibank.gif in Resources */ = {isa = PBXBuildFile; fileRef = AC674F9929746812003C0A4B /* citibank.gif */; };
		AC91D45A29B250B800808CD4 /* Kingfisher in Frameworks */ = {isa = PBXBuildFile; productRef = AC91D45929B250B800808CD4 /* Kingfisher */; };
		AC92060E2971971400C9060B /* MenuCollectionViewCell.swift in Sources */ = {isa = PBXBuildFile; fileRef = AC92060D2971971400C9060B /* MenuCollectionViewCell.swift */; };
		AC92ED1B2972FEAA004B1920 /* RecipeManager.swift in Sources */ = {isa = PBXBuildFile; fileRef = AC92ED1A2972FEAA004B1920 /* RecipeManager.swift */; };
		AC92ED1D29730D85004B1920 /* RecipeTableViewController.swift in Sources */ = {isa = PBXBuildFile; fileRef = AC92ED1C29730D85004B1920 /* RecipeTableViewController.swift */; };
		ACA923E02970793400E2E3F5 /* UIImage+GIF.swift in Sources */ = {isa = PBXBuildFile; fileRef = ACA923DF2970793400E2E3F5 /* UIImage+GIF.swift */; };
		ACAB7BE529719C6100DDD060 /* Menu.swift in Sources */ = {isa = PBXBuildFile; fileRef = ACAB7BE429719C6100DDD060 /* Menu.swift */; };
		ACC005A129709E660052FC0F /* Constants.swift in Sources */ = {isa = PBXBuildFile; fileRef = ACC005A029709E660052FC0F /* Constants.swift */; };
		ACDC860A29774BA8002A6C8C /* IQKeyboardManagerSwift in Frameworks */ = {isa = PBXBuildFile; productRef = ACDC860929774BA8002A6C8C /* IQKeyboardManagerSwift */; };
		ACE78DFF2975DF9800FA667A /* DiscoverViewController.swift in Sources */ = {isa = PBXBuildFile; fileRef = ACE78DFE2975DF9800FA667A /* DiscoverViewController.swift */; };
		ACFE2EEA2972010D00A242FA /* MenuCollectionViewController.swift in Sources */ = {isa = PBXBuildFile; fileRef = ACFE2EE92972010D00A242FA /* MenuCollectionViewController.swift */; };
/* End PBXBuildFile section */

/* Begin PBXFileReference section */
		9159BEC929AE7DE400E75FF0 /* RecipeTableViewCell.swift */ = {isa = PBXFileReference; lastKnownFileType = sourcecode.swift; path = RecipeTableViewCell.swift; sourceTree = "<group>"; };
		9159BECA29AE7DE400E75FF0 /* RecipeTableViewCell.xib */ = {isa = PBXFileReference; lastKnownFileType = file.xib; path = RecipeTableViewCell.xib; sourceTree = "<group>"; };
		AC4EF422297073DB0010E8A5 /* Food Fate.app */ = {isa = PBXFileReference; explicitFileType = wrapper.application; includeInIndex = 0; path = "Food Fate.app"; sourceTree = BUILT_PRODUCTS_DIR; };
		AC4EF425297073DB0010E8A5 /* AppDelegate.swift */ = {isa = PBXFileReference; lastKnownFileType = sourcecode.swift; path = AppDelegate.swift; sourceTree = "<group>"; };
		AC4EF427297073DB0010E8A5 /* SceneDelegate.swift */ = {isa = PBXFileReference; lastKnownFileType = sourcecode.swift; path = SceneDelegate.swift; sourceTree = "<group>"; };
		AC4EF429297073DB0010E8A5 /* ViewController.swift */ = {isa = PBXFileReference; lastKnownFileType = sourcecode.swift; path = ViewController.swift; sourceTree = "<group>"; };
		AC4EF42C297073DB0010E8A5 /* Base */ = {isa = PBXFileReference; lastKnownFileType = file.storyboard; name = Base; path = Base.lproj/Main.storyboard; sourceTree = "<group>"; };
		AC4EF42E297073DC0010E8A5 /* Assets.xcassets */ = {isa = PBXFileReference; lastKnownFileType = folder.assetcatalog; path = Assets.xcassets; sourceTree = "<group>"; };
		AC4EF431297073DC0010E8A5 /* Base */ = {isa = PBXFileReference; lastKnownFileType = file.storyboard; name = Base; path = Base.lproj/LaunchScreen.storyboard; sourceTree = "<group>"; };
		AC4EF433297073DC0010E8A5 /* Info.plist */ = {isa = PBXFileReference; lastKnownFileType = text.plist.xml; path = Info.plist; sourceTree = "<group>"; };
		AC4EF4392970758B0010E8A5 /* PLAYSIR Regular.otf */ = {isa = PBXFileReference; lastKnownFileType = file; path = "PLAYSIR Regular.otf"; sourceTree = "<group>"; };
		AC5F7FC52979A05300D63D8B /* RecipeData.swift */ = {isa = PBXFileReference; lastKnownFileType = sourcecode.swift; path = RecipeData.swift; sourceTree = "<group>"; };
		AC674F9429745EC7003C0A4B /* LaunchScreenViewController.swift */ = {isa = PBXFileReference; lastKnownFileType = sourcecode.swift; path = LaunchScreenViewController.swift; sourceTree = "<group>"; };
		AC674F9929746812003C0A4B /* citibank.gif */ = {isa = PBXFileReference; lastKnownFileType = image.gif; path = citibank.gif; sourceTree = "<group>"; };
		AC92060D2971971400C9060B /* MenuCollectionViewCell.swift */ = {isa = PBXFileReference; lastKnownFileType = sourcecode.swift; path = MenuCollectionViewCell.swift; sourceTree = "<group>"; };
		AC92ED1A2972FEAA004B1920 /* RecipeManager.swift */ = {isa = PBXFileReference; lastKnownFileType = sourcecode.swift; path = RecipeManager.swift; sourceTree = "<group>"; };
		AC92ED1C29730D85004B1920 /* RecipeTableViewController.swift */ = {isa = PBXFileReference; lastKnownFileType = sourcecode.swift; path = RecipeTableViewController.swift; sourceTree = "<group>"; };
		ACA923DF2970793400E2E3F5 /* UIImage+GIF.swift */ = {isa = PBXFileReference; lastKnownFileType = sourcecode.swift; path = "UIImage+GIF.swift"; sourceTree = "<group>"; };
		ACAB7BE429719C6100DDD060 /* Menu.swift */ = {isa = PBXFileReference; lastKnownFileType = sourcecode.swift; path = Menu.swift; sourceTree = "<group>"; };
		ACC005A029709E660052FC0F /* Constants.swift */ = {isa = PBXFileReference; lastKnownFileType = sourcecode.swift; path = Constants.swift; sourceTree = "<group>"; };
		ACE78DFE2975DF9800FA667A /* DiscoverViewController.swift */ = {isa = PBXFileReference; lastKnownFileType = sourcecode.swift; path = DiscoverViewController.swift; sourceTree = "<group>"; };
		ACFE2EE92972010D00A242FA /* MenuCollectionViewController.swift */ = {isa = PBXFileReference; lastKnownFileType = sourcecode.swift; path = MenuCollectionViewController.swift; sourceTree = "<group>"; };
/* End PBXFileReference section */

/* Begin PBXFrameworksBuildPhase section */
		AC4EF41F297073DB0010E8A5 /* Frameworks */ = {
			isa = PBXFrameworksBuildPhase;
			buildActionMask = 2147483647;
			files = (
				AC91D45A29B250B800808CD4 /* Kingfisher in Frameworks */,
				ACDC860A29774BA8002A6C8C /* IQKeyboardManagerSwift in Frameworks */,
			);
			runOnlyForDeploymentPostprocessing = 0;
		};
/* End PBXFrameworksBuildPhase section */

/* Begin PBXGroup section */
		AC4EF419297073DB0010E8A5 = {
			isa = PBXGroup;
			children = (
				AC4EF424297073DB0010E8A5 /* Food Fate */,
				AC4EF423297073DB0010E8A5 /* Products */,
			);
			sourceTree = "<group>";
		};
		AC4EF423297073DB0010E8A5 /* Products */ = {
			isa = PBXGroup;
			children = (
				AC4EF422297073DB0010E8A5 /* Food Fate.app */,
			);
			name = Products;
			sourceTree = "<group>";
		};
		AC4EF424297073DB0010E8A5 /* Food Fate */ = {
			isa = PBXGroup;
			children = (
				AC4EF427297073DB0010E8A5 /* SceneDelegate.swift */,
				AC4EF425297073DB0010E8A5 /* AppDelegate.swift */,
				ACFFEAA32970B2780077901F /* Support Files */,
				ACAB7BE329719C4D00DDD060 /* Model */,
				ACFFEAA22970B25F0077901F /* View */,
				ACFFEAA12970B2450077901F /* Controller */,
				AC4EF433297073DC0010E8A5 /* Info.plist */,
				ACC005A029709E660052FC0F /* Constants.swift */,
				AC674F9429745EC7003C0A4B /* LaunchScreenViewController.swift */,
			);
			path = "Food Fate";
			sourceTree = "<group>";
		};
		ACAB7BE329719C4D00DDD060 /* Model */ = {
			isa = PBXGroup;
			children = (
				ACAB7BE429719C6100DDD060 /* Menu.swift */,
				AC92ED1A2972FEAA004B1920 /* RecipeManager.swift */,
				ACA923DF2970793400E2E3F5 /* UIImage+GIF.swift */,
				AC5F7FC52979A05300D63D8B /* RecipeData.swift */,
			);
			path = Model;
			sourceTree = "<group>";
		};
		ACFFEAA12970B2450077901F /* Controller */ = {
			isa = PBXGroup;
			children = (
				AC4EF429297073DB0010E8A5 /* ViewController.swift */,
				ACFE2EE92972010D00A242FA /* MenuCollectionViewController.swift */,
				AC92060D2971971400C9060B /* MenuCollectionViewCell.swift */,
				ACE78DFE2975DF9800FA667A /* DiscoverViewController.swift */,
				AC92ED1C29730D85004B1920 /* RecipeTableViewController.swift */,
				9159BEC929AE7DE400E75FF0 /* RecipeTableViewCell.swift */,
			);
			path = Controller;
			sourceTree = "<group>";
		};
		ACFFEAA22970B25F0077901F /* View */ = {
			isa = PBXGroup;
			children = (
				AC4EF42B297073DB0010E8A5 /* Main.storyboard */,
				9159BECA29AE7DE400E75FF0 /* RecipeTableViewCell.xib */,
			);
			path = View;
			sourceTree = "<group>";
		};
		ACFFEAA32970B2780077901F /* Support Files */ = {
			isa = PBXGroup;
			children = (
				AC4EF430297073DC0010E8A5 /* LaunchScreen.storyboard */,
				AC4EF4392970758B0010E8A5 /* PLAYSIR Regular.otf */,
				AC4EF42E297073DC0010E8A5 /* Assets.xcassets */,
				AC674F9929746812003C0A4B /* citibank.gif */,
			);
			path = "Support Files";
			sourceTree = "<group>";
		};
/* End PBXGroup section */

/* Begin PBXNativeTarget section */
		AC4EF421297073DB0010E8A5 /* Food Fate */ = {
			isa = PBXNativeTarget;
			buildConfigurationList = AC4EF436297073DC0010E8A5 /* Build configuration list for PBXNativeTarget "Food Fate" */;
			buildPhases = (
				AC4EF41E297073DB0010E8A5 /* Sources */,
				AC4EF41F297073DB0010E8A5 /* Frameworks */,
				AC4EF420297073DB0010E8A5 /* Resources */,
			);
			buildRules = (
			);
			dependencies = (
			);
			name = "Food Fate";
			packageProductDependencies = (
				ACDC860929774BA8002A6C8C /* IQKeyboardManagerSwift */,
				AC91D45929B250B800808CD4 /* Kingfisher */,
			);
			productName = "Food Fate";
			productReference = AC4EF422297073DB0010E8A5 /* Food Fate.app */;
			productType = "com.apple.product-type.application";
		};
/* End PBXNativeTarget section */

/* Begin PBXProject section */
		AC4EF41A297073DB0010E8A5 /* Project object */ = {
			isa = PBXProject;
			attributes = {
				BuildIndependentTargetsInParallel = 1;
				LastSwiftUpdateCheck = 1420;
				LastUpgradeCheck = 1420;
				TargetAttributes = {
					AC4EF421297073DB0010E8A5 = {
						CreatedOnToolsVersion = 14.2;
					};
				};
			};
			buildConfigurationList = AC4EF41D297073DB0010E8A5 /* Build configuration list for PBXProject "Food Fate" */;
			compatibilityVersion = "Xcode 14.0";
			developmentRegion = en;
			hasScannedForEncodings = 0;
			knownRegions = (
				en,
				Base,
			);
			mainGroup = AC4EF419297073DB0010E8A5;
			packageReferences = (
				ACDC860829774BA8002A6C8C /* XCRemoteSwiftPackageReference "IQKeyboardManager" */,
				AC91D45829B250B800808CD4 /* XCRemoteSwiftPackageReference "Kingfisher" */,
			);
			productRefGroup = AC4EF423297073DB0010E8A5 /* Products */;
			projectDirPath = "";
			projectRoot = "";
			targets = (
				AC4EF421297073DB0010E8A5 /* Food Fate */,
			);
		};
/* End PBXProject section */

/* Begin PBXResourcesBuildPhase section */
		AC4EF420297073DB0010E8A5 /* Resources */ = {
			isa = PBXResourcesBuildPhase;
			buildActionMask = 2147483647;
			files = (
				AC674F9829746288003C0A4B /* Main.storyboard in Resources */,
				AC4EF43A2970758B0010E8A5 /* PLAYSIR Regular.otf in Resources */,
				AC4EF42F297073DC0010E8A5 /* Assets.xcassets in Resources */,
				9159BECC29AE7DE400E75FF0 /* RecipeTableViewCell.xib in Resources */,
				AC674F9A29746812003C0A4B /* citibank.gif in Resources */,
			);
			runOnlyForDeploymentPostprocessing = 0;
		};
/* End PBXResourcesBuildPhase section */

/* Begin PBXSourcesBuildPhase section */
		AC4EF41E297073DB0010E8A5 /* Sources */ = {
			isa = PBXSourcesBuildPhase;
			buildActionMask = 2147483647;
			files = (
				AC674F9529745EC7003C0A4B /* LaunchScreenViewController.swift in Sources */,
				AC4EF42A297073DB0010E8A5 /* ViewController.swift in Sources */,
				ACAB7BE529719C6100DDD060 /* Menu.swift in Sources */,
				9159BECB29AE7DE400E75FF0 /* RecipeTableViewCell.swift in Sources */,
				AC5F7FC62979A05300D63D8B /* RecipeData.swift in Sources */,
				AC92060E2971971400C9060B /* MenuCollectionViewCell.swift in Sources */,
				ACA923E02970793400E2E3F5 /* UIImage+GIF.swift in Sources */,
				AC92ED1D29730D85004B1920 /* RecipeTableViewController.swift in Sources */,
				AC4EF426297073DB0010E8A5 /* AppDelegate.swift in Sources */,
				AC4EF428297073DB0010E8A5 /* SceneDelegate.swift in Sources */,
				ACFE2EEA2972010D00A242FA /* MenuCollectionViewController.swift in Sources */,
				ACE78DFF2975DF9800FA667A /* DiscoverViewController.swift in Sources */,
				ACC005A129709E660052FC0F /* Constants.swift in Sources */,
				AC92ED1B2972FEAA004B1920 /* RecipeManager.swift in Sources */,
			);
			runOnlyForDeploymentPostprocessing = 0;
		};
/* End PBXSourcesBuildPhase section */

/* Begin PBXVariantGroup section */
		AC4EF42B297073DB0010E8A5 /* Main.storyboard */ = {
			isa = PBXVariantGroup;
			children = (
				AC4EF42C297073DB0010E8A5 /* Base */,
			);
			name = Main.storyboard;
			sourceTree = "<group>";
		};
		AC4EF430297073DC0010E8A5 /* LaunchScreen.storyboard */ = {
			isa = PBXVariantGroup;
			children = (
				AC4EF431297073DC0010E8A5 /* Base */,
			);
			name = LaunchScreen.storyboard;
			sourceTree = "<group>";
		};
/* End PBXVariantGroup section */

/* Begin XCBuildConfiguration section */
		AC4EF434297073DC0010E8A5 /* Debug */ = {
			isa = XCBuildConfiguration;
			buildSettings = {
				ALWAYS_SEARCH_USER_PATHS = NO;
				CLANG_ANALYZER_NONNULL = YES;
				CLANG_ANALYZER_NUMBER_OBJECT_CONVERSION = YES_AGGRESSIVE;
				CLANG_CXX_LANGUAGE_STANDARD = "gnu++20";
				CLANG_ENABLE_MODULES = YES;
				CLANG_ENABLE_OBJC_ARC = YES;
				CLANG_ENABLE_OBJC_WEAK = YES;
				CLANG_WARN_BLOCK_CAPTURE_AUTORELEASING = YES;
				CLANG_WARN_BOOL_CONVERSION = YES;
				CLANG_WARN_COMMA = YES;
				CLANG_WARN_CONSTANT_CONVERSION = YES;
				CLANG_WARN_DEPRECATED_OBJC_IMPLEMENTATIONS = YES;
				CLANG_WARN_DIRECT_OBJC_ISA_USAGE = YES_ERROR;
				CLANG_WARN_DOCUMENTATION_COMMENTS = YES;
				CLANG_WARN_EMPTY_BODY = YES;
				CLANG_WARN_ENUM_CONVERSION = YES;
				CLANG_WARN_INFINITE_RECURSION = YES;
				CLANG_WARN_INT_CONVERSION = YES;
				CLANG_WARN_NON_LITERAL_NULL_CONVERSION = YES;
				CLANG_WARN_OBJC_IMPLICIT_RETAIN_SELF = YES;
				CLANG_WARN_OBJC_LITERAL_CONVERSION = YES;
				CLANG_WARN_OBJC_ROOT_CLASS = YES_ERROR;
				CLANG_WARN_QUOTED_INCLUDE_IN_FRAMEWORK_HEADER = YES;
				CLANG_WARN_RANGE_LOOP_ANALYSIS = YES;
				CLANG_WARN_STRICT_PROTOTYPES = YES;
				CLANG_WARN_SUSPICIOUS_MOVE = YES;
				CLANG_WARN_UNGUARDED_AVAILABILITY = YES_AGGRESSIVE;
				CLANG_WARN_UNREACHABLE_CODE = YES;
				CLANG_WARN__DUPLICATE_METHOD_MATCH = YES;
				COPY_PHASE_STRIP = NO;
				DEBUG_INFORMATION_FORMAT = dwarf;
				ENABLE_STRICT_OBJC_MSGSEND = YES;
				ENABLE_TESTABILITY = YES;
				GCC_C_LANGUAGE_STANDARD = gnu11;
				GCC_DYNAMIC_NO_PIC = NO;
				GCC_NO_COMMON_BLOCKS = YES;
				GCC_OPTIMIZATION_LEVEL = 0;
				GCC_PREPROCESSOR_DEFINITIONS = (
					"DEBUG=1",
					"$(inherited)",
				);
				GCC_WARN_64_TO_32_BIT_CONVERSION = YES;
				GCC_WARN_ABOUT_RETURN_TYPE = YES_ERROR;
				GCC_WARN_UNDECLARED_SELECTOR = YES;
				GCC_WARN_UNINITIALIZED_AUTOS = YES_AGGRESSIVE;
				GCC_WARN_UNUSED_FUNCTION = YES;
				GCC_WARN_UNUSED_VARIABLE = YES;
				IPHONEOS_DEPLOYMENT_TARGET = 16.2;
				MTL_ENABLE_DEBUG_INFO = INCLUDE_SOURCE;
				MTL_FAST_MATH = YES;
				ONLY_ACTIVE_ARCH = YES;
				SDKROOT = iphoneos;
				SWIFT_ACTIVE_COMPILATION_CONDITIONS = DEBUG;
				SWIFT_OPTIMIZATION_LEVEL = "-Onone";
			};
			name = Debug;
		};
		AC4EF435297073DC0010E8A5 /* Release */ = {
			isa = XCBuildConfiguration;
			buildSettings = {
				ALWAYS_SEARCH_USER_PATHS = NO;
				CLANG_ANALYZER_NONNULL = YES;
				CLANG_ANALYZER_NUMBER_OBJECT_CONVERSION = YES_AGGRESSIVE;
				CLANG_CXX_LANGUAGE_STANDARD = "gnu++20";
				CLANG_ENABLE_MODULES = YES;
				CLANG_ENABLE_OBJC_ARC = YES;
				CLANG_ENABLE_OBJC_WEAK = YES;
				CLANG_WARN_BLOCK_CAPTURE_AUTORELEASING = YES;
				CLANG_WARN_BOOL_CONVERSION = YES;
				CLANG_WARN_COMMA = YES;
				CLANG_WARN_CONSTANT_CONVERSION = YES;
				CLANG_WARN_DEPRECATED_OBJC_IMPLEMENTATIONS = YES;
				CLANG_WARN_DIRECT_OBJC_ISA_USAGE = YES_ERROR;
				CLANG_WARN_DOCUMENTATION_COMMENTS = YES;
				CLANG_WARN_EMPTY_BODY = YES;
				CLANG_WARN_ENUM_CONVERSION = YES;
				CLANG_WARN_INFINITE_RECURSION = YES;
				CLANG_WARN_INT_CONVERSION = YES;
				CLANG_WARN_NON_LITERAL_NULL_CONVERSION = YES;
				CLANG_WARN_OBJC_IMPLICIT_RETAIN_SELF = YES;
				CLANG_WARN_OBJC_LITERAL_CONVERSION = YES;
				CLANG_WARN_OBJC_ROOT_CLASS = YES_ERROR;
				CLANG_WARN_QUOTED_INCLUDE_IN_FRAMEWORK_HEADER = YES;
				CLANG_WARN_RANGE_LOOP_ANALYSIS = YES;
				CLANG_WARN_STRICT_PROTOTYPES = YES;
				CLANG_WARN_SUSPICIOUS_MOVE = YES;
				CLANG_WARN_UNGUARDED_AVAILABILITY = YES_AGGRESSIVE;
				CLANG_WARN_UNREACHABLE_CODE = YES;
				CLANG_WARN__DUPLICATE_METHOD_MATCH = YES;
				COPY_PHASE_STRIP = NO;
				DEBUG_INFORMATION_FORMAT = "dwarf-with-dsym";
				ENABLE_NS_ASSERTIONS = NO;
				ENABLE_STRICT_OBJC_MSGSEND = YES;
				GCC_C_LANGUAGE_STANDARD = gnu11;
				GCC_NO_COMMON_BLOCKS = YES;
				GCC_WARN_64_TO_32_BIT_CONVERSION = YES;
				GCC_WARN_ABOUT_RETURN_TYPE = YES_ERROR;
				GCC_WARN_UNDECLARED_SELECTOR = YES;
				GCC_WARN_UNINITIALIZED_AUTOS = YES_AGGRESSIVE;
				GCC_WARN_UNUSED_FUNCTION = YES;
				GCC_WARN_UNUSED_VARIABLE = YES;
				IPHONEOS_DEPLOYMENT_TARGET = 16.2;
				MTL_ENABLE_DEBUG_INFO = NO;
				MTL_FAST_MATH = YES;
				SDKROOT = iphoneos;
				SWIFT_COMPILATION_MODE = wholemodule;
				SWIFT_OPTIMIZATION_LEVEL = "-O";
				VALIDATE_PRODUCT = YES;
			};
			name = Release;
		};
		AC4EF437297073DC0010E8A5 /* Debug */ = {
			isa = XCBuildConfiguration;
			buildSettings = {
				ASSETCATALOG_COMPILER_APPICON_NAME = AppIcon;
				ASSETCATALOG_COMPILER_GLOBAL_ACCENT_COLOR_NAME = AccentColor;
				CODE_SIGN_STYLE = Automatic;
				CURRENT_PROJECT_VERSION = 1;
				DEVELOPMENT_TEAM = 9C3H9RTL82;
				GENERATE_INFOPLIST_FILE = YES;
				INFOPLIST_FILE = "Food Fate/Info.plist";
				INFOPLIST_KEY_UIApplicationSupportsIndirectInputEvents = YES;
				INFOPLIST_KEY_UILaunchStoryboardName = LaunchScreen;
				INFOPLIST_KEY_UIMainStoryboardFile = Main;
				INFOPLIST_KEY_UISupportedInterfaceOrientations_iPad = "UIInterfaceOrientationPortrait UIInterfaceOrientationPortraitUpsideDown UIInterfaceOrientationLandscapeLeft UIInterfaceOrientationLandscapeRight";
				INFOPLIST_KEY_UISupportedInterfaceOrientations_iPhone = "UIInterfaceOrientationPortrait UIInterfaceOrientationLandscapeLeft UIInterfaceOrientationLandscapeRight";
				IPHONEOS_DEPLOYMENT_TARGET = 16.0;
				LD_RUNPATH_SEARCH_PATHS = (
					"$(inherited)",
					"@executable_path/Frameworks",
				);
				MARKETING_VERSION = 1.0;
				PRODUCT_BUNDLE_IDENTIFIER = "com.mmt.Food-Fate";
				PRODUCT_NAME = "$(TARGET_NAME)";
				SWIFT_EMIT_LOC_STRINGS = YES;
				SWIFT_VERSION = 5.0;
				TARGETED_DEVICE_FAMILY = "1,2";
			};
			name = Debug;
		};
		AC4EF438297073DC0010E8A5 /* Release */ = {
			isa = XCBuildConfiguration;
			buildSettings = {
				ASSETCATALOG_COMPILER_APPICON_NAME = AppIcon;
				ASSETCATALOG_COMPILER_GLOBAL_ACCENT_COLOR_NAME = AccentColor;
				CODE_SIGN_STYLE = Automatic;
				CURRENT_PROJECT_VERSION = 1;
				DEVELOPMENT_TEAM = 9C3H9RTL82;
				GENERATE_INFOPLIST_FILE = YES;
				INFOPLIST_FILE = "Food Fate/Info.plist";
				INFOPLIST_KEY_UIApplicationSupportsIndirectInputEvents = YES;
				INFOPLIST_KEY_UILaunchStoryboardName = LaunchScreen;
				INFOPLIST_KEY_UIMainStoryboardFile = Main;
				INFOPLIST_KEY_UISupportedInterfaceOrientations_iPad = "UIInterfaceOrientationPortrait UIInterfaceOrientationPortraitUpsideDown UIInterfaceOrientationLandscapeLeft UIInterfaceOrientationLandscapeRight";
				INFOPLIST_KEY_UISupportedInterfaceOrientations_iPhone = "UIInterfaceOrientationPortrait UIInterfaceOrientationLandscapeLeft UIInterfaceOrientationLandscapeRight";
				IPHONEOS_DEPLOYMENT_TARGET = 16.0;
				LD_RUNPATH_SEARCH_PATHS = (
					"$(inherited)",
					"@executable_path/Frameworks",
				);
				MARKETING_VERSION = 1.0;
				PRODUCT_BUNDLE_IDENTIFIER = "com.mmt.Food-Fate";
				PRODUCT_NAME = "$(TARGET_NAME)";
				SWIFT_EMIT_LOC_STRINGS = YES;
				SWIFT_VERSION = 5.0;
				TARGETED_DEVICE_FAMILY = "1,2";
			};
			name = Release;
		};
/* End XCBuildConfiguration section */

/* Begin XCConfigurationList section */
		AC4EF41D297073DB0010E8A5 /* Build configuration list for PBXProject "Food Fate" */ = {
			isa = XCConfigurationList;
			buildConfigurations = (
				AC4EF434297073DC0010E8A5 /* Debug */,
				AC4EF435297073DC0010E8A5 /* Release */,
			);
			defaultConfigurationIsVisible = 0;
			defaultConfigurationName = Release;
		};
		AC4EF436297073DC0010E8A5 /* Build configuration list for PBXNativeTarget "Food Fate" */ = {
			isa = XCConfigurationList;
			buildConfigurations = (
				AC4EF437297073DC0010E8A5 /* Debug */,
				AC4EF438297073DC0010E8A5 /* Release */,
			);
			defaultConfigurationIsVisible = 0;
			defaultConfigurationName = Release;
		};
/* End XCConfigurationList section */

/* Begin XCRemoteSwiftPackageReference section */
		AC91D45829B250B800808CD4 /* XCRemoteSwiftPackageReference "Kingfisher" */ = {
			isa = XCRemoteSwiftPackageReference;
			repositoryURL = "https://github.com/onevcat/Kingfisher.git";
			requirement = {
				kind = upToNextMajorVersion;
				minimumVersion = 7.0.0;
			};
		};
		ACDC860829774BA8002A6C8C /* XCRemoteSwiftPackageReference "IQKeyboardManager" */ = {
			isa = XCRemoteSwiftPackageReference;
			repositoryURL = "https://github.com/hackiftekhar/IQKeyboardManager";
			requirement = {
				branch = master;
				kind = branch;
			};
		};
/* End XCRemoteSwiftPackageReference section */

/* Begin XCSwiftPackageProductDependency section */
		AC91D45929B250B800808CD4 /* Kingfisher */ = {
			isa = XCSwiftPackageProductDependency;
			package = AC91D45829B250B800808CD4 /* XCRemoteSwiftPackageReference "Kingfisher" */;
			productName = Kingfisher;
		};
		ACDC860929774BA8002A6C8C /* IQKeyboardManagerSwift */ = {
			isa = XCSwiftPackageProductDependency;
			package = ACDC860829774BA8002A6C8C /* XCRemoteSwiftPackageReference "IQKeyboardManager" */;
			productName = IQKeyboardManagerSwift;
		};
/* End XCSwiftPackageProductDependency section */
	};
	rootObject = AC4EF41A297073DB0010E8A5 /* Project object */;
}
